
Microsoft Visual Studio Solution File, Format Version 12.00
# Visual Studio Version 16
VisualStudioVersion = 16.0.29728.190
MinimumVisualStudioVersion = 10.0.40219.1
Project("{FAE04EC0-301F-11D3-BF4B-00C04F79EFBC}") = "FormCases", "FormCases\FormCases.csproj", "{E36F67CD-3A34-4A23-82CE-A4D965B2DE82}"
EndProject
Project("{FAE04EC0-301F-11D3-BF4B-00C04F79EFBC}") = "AddCasesToExcel", "AddCasesToExcel\AddCasesToExcel.csproj", "{D9757D62-BC0D-4DB4-964E-5BCB1DFC5963}"
EndProject
Global
	GlobalSection(SolutionConfigurationPlatforms) = preSolution
		Debug|Any CPU = Debug|Any CPU
		Release|Any CPU = Release|Any CPU
	EndGlobalSection
	GlobalSection(ProjectConfigurationPlatforms) = postSolution
		{E36F67CD-3A34-4A23-82CE-A4D965B2DE82}.Debug|Any CPU.ActiveCfg = Debug|Any CPU
		{E36F67CD-3A34-4A23-82CE-A4D965B2DE82}.Debug|Any CPU.Build.0 = Debug|Any CPU
		{E36F67CD-3A34-4A23-82CE-A4D965B2DE82}.Release|Any CPU.ActiveCfg = Release|Any CPU
		{E36F67CD-3A34-4A23-82CE-A4D965B2DE82}.Release|Any CPU.Build.0 = Release|Any CPU
		{D9757D62-BC0D-4DB4-964E-5BCB1DFC5963}.Debug|Any CPU.ActiveCfg = Debug|Any CPU
		{D9757D62-BC0D-4DB4-964E-5BCB1DFC5963}.Debug|Any CPU.Build.0 = Debug|Any CPU
		{D9757D62-BC0D-4DB4-964E-5BCB1DFC5963}.Release|Any CPU.ActiveCfg = Release|Any CPU
		{D9757D62-BC0D-4DB4-964E-5BCB1DFC5963}.Release|Any CPU.Build.0 = Release|Any CPU
	EndGlobalSection
	GlobalSection(SolutionProperties) = preSolution
		HideSolutionNode = FALSE
	EndGlobalSection
	GlobalSection(ExtensibilityGlobals) = postSolution
		SolutionGuid = {36FE10F5-026B-40DF-B671-FAAA8391A37F}
	EndGlobalSection
EndGlobal
